{
    "_readme": [
        "This file locks the dependencies of your project to a known state",
        "Read more about it at https://getcomposer.org/doc/01-basic-usage.md#composer-lock-the-lock-file",
        "This file is @generated automatically"
    ],
    "hash": "ea84ab7649dee1a2f3a6382d26dc2a3f",
    "content-hash": "54f535a6a1eb09630b6e79055b425a5c",
    "packages": [
        {
            "name": "skvoz/testpackage",
            "version": "dev-master",
            "source": {
                "type": "git",
                "url": "https://github.com/skvoz/testpackage.git",
                "reference": "3253b008bbb3c5415a92d0c988eeae63f3c42346"
            },
            "dist": {
                "type": "zip",
                "url": "https://api.github.com/repos/skvoz/testpackage/zipball/3253b008bbb3c5415a92d0c988eeae63f3c42346",
                "reference": "3253b008bbb3c5415a92d0c988eeae63f3c42346",
                "shasum": ""
            },
            "type": "library",
            "license": [
                "proprietary"
            ],
            "authors": [
                {
                    "name": "skvoz",
                    "email": "skvoz.ne@gmail.com"
                }
            ],
            "description": "test package",
            "support": {
                "source": "https://github.com/skvoz/testpackage/tree/master",
                "issues": "https://github.com/skvoz/testpackage/issues"
            },
            "time": "2015-11-14 19:30:28"
        }
    ],
    "packages-dev": [],
    "aliases": [],
    "minimum-stability": "dev",
    "stability-flags": [],
    "prefer-stable": false,
    "prefer-lowest": false,
    "platform": [],
    "platform-dev": []
}
